
Microsoft Visual Studio Solution File, Format Version 12.00
# Visual Studio Version 16
VisualStudioVersion = 16.0.30114.105
MinimumVisualStudioVersion = 10.0.40219.1
Project("{FAE04EC0-301F-11D3-BF4B-00C04F79EFBC}") = "Emby.Notification.DiscordWebhook", "Emby.Notification.DiscordWebhook\Emby.Notification.DiscordWebhook.csproj", "{36498CB4-F4DD-4550-B4EA-F90B6C26CC3B}"
EndProject
Global
	GlobalSection(SolutionConfigurationPlatforms) = preSolution
		Debug|Any CPU = Debug|Any CPU
		Release|Any CPU = Release|Any CPU
	EndGlobalSection
	GlobalSection(SolutionProperties) = preSolution
		HideSolutionNode = FALSE
	EndGlobalSection
	GlobalSection(ProjectConfigurationPlatforms) = postSolution
		{36498CB4-F4DD-4550-B4EA-F90B6C26CC3B}.Debug|Any CPU.ActiveCfg = Debug|Any CPU
		{36498CB4-F4DD-4550-B4EA-F90B6C26CC3B}.Debug|Any CPU.Build.0 = Debug|Any CPU
		{36498CB4-F4DD-4550-B4EA-F90B6C26CC3B}.Release|Any CPU.ActiveCfg = Release|Any CPU
		{36498CB4-F4DD-4550-B4EA-F90B6C26CC3B}.Release|Any CPU.Build.0 = Release|Any CPU
	EndGlobalSection
EndGlobal
